
Microsoft Visual Studio Solution File, Format Version 12.00
# Visual Studio 15
VisualStudioVersion = 15.0.28307.645
MinimumVisualStudioVersion = 10.0.40219.1
Project("{FAE04EC0-301F-11D3-BF4B-00C04F79EFBC}") = "SpotifyControl", "SpotifyControl\SpotifyControl.csproj", "{D65F7B8F-DCCE-4E28-B6A3-440A7F13493E}"
EndProject
Global
	GlobalSection(SolutionConfigurationPlatforms) = preSolution
		Debug|Any CPU = Debug|Any CPU
		Release|Any CPU = Release|Any CPU
	EndGlobalSection
	GlobalSection(ProjectConfigurationPlatforms) = postSolution
		{D65F7B8F-DCCE-4E28-B6A3-440A7F13493E}.Debug|Any CPU.ActiveCfg = Debug|Any CPU
		{D65F7B8F-DCCE-4E28-B6A3-440A7F13493E}.Debug|Any CPU.Build.0 = Debug|Any CPU
		{D65F7B8F-DCCE-4E28-B6A3-440A7F13493E}.Release|Any CPU.ActiveCfg = Release|Any CPU
		{D65F7B8F-DCCE-4E28-B6A3-440A7F13493E}.Release|Any CPU.Build.0 = Release|Any CPU
	EndGlobalSection
	GlobalSection(SolutionProperties) = preSolution
		HideSolutionNode = FALSE
	EndGlobalSection
	GlobalSection(ExtensibilityGlobals) = postSolution
		SolutionGuid = {08C00EE4-1926-4AA1-8E9F-8CF32630B6A7}
	EndGlobalSection
EndGlobal
